// !$*UTF8*$!
{
	archiveVersion = 1;
	classes = {
	};
	objectVersion = 56;
	objects = {

/* Begin PBXBuildFile section */
		C316327B29354142005BBBCA /* Team.swift in Sources */ = {isa = PBXBuildFile; fileRef = C316327A29354141005BBBCA /* Team.swift */; };
		C316327D2935415D005BBBCA /* Score__DEPRECATEED.swift in Sources */ = {isa = PBXBuildFile; fileRef = C316327C2935415D005BBBCA /* Score__DEPRECATEED.swift */; };
		C32941F82933E21F00298ACC /* SettingsView.swift in Sources */ = {isa = PBXBuildFile; fileRef = C32941F72933E21F00298ACC /* SettingsView.swift */; };
		C35DBB752999575C00C6E43A /* truquito.xcdatamodeld in Sources */ = {isa = PBXBuildFile; fileRef = C35DBB732999575C00C6E43A /* truquito.xcdatamodeld */; };
		C35DBB77299957C500C6E43A /* PersitenceController.swift in Sources */ = {isa = PBXBuildFile; fileRef = C35DBB76299957C500C6E43A /* PersitenceController.swift */; };
		C35DBB79299AD15600C6E43A /* PlayerSettings.swift in Sources */ = {isa = PBXBuildFile; fileRef = C35DBB78299AD15600C6E43A /* PlayerSettings.swift */; };
		C35DBB7B299AD18200C6E43A /* PlayerList.swift in Sources */ = {isa = PBXBuildFile; fileRef = C35DBB7A299AD18200C6E43A /* PlayerList.swift */; };
		C35DBB7D299EC9B700C6E43A /* PlayerManager.swift in Sources */ = {isa = PBXBuildFile; fileRef = C35DBB7C299EC9B700C6E43A /* PlayerManager.swift */; };
		C38EA1BC299F95A200FDC82A /* CreatePlayer.swift in Sources */ = {isa = PBXBuildFile; fileRef = C38EA1BB299F95A200FDC82A /* CreatePlayer.swift */; };
		C38EA1BE299FB81200FDC82A /* Player+Extension.swift in Sources */ = {isa = PBXBuildFile; fileRef = C38EA1BD299FB81200FDC82A /* Player+Extension.swift */; };
		C3A12CF5292C3E4000DFC7DD /* truquitoApp.swift in Sources */ = {isa = PBXBuildFile; fileRef = C3A12CF4292C3E4000DFC7DD /* truquitoApp.swift */; };
		C3A12CF7292C3E4000DFC7DD /* GameView.swift in Sources */ = {isa = PBXBuildFile; fileRef = C3A12CF6292C3E4000DFC7DD /* GameView.swift */; };
		C3A12CF9292C3E4100DFC7DD /* Assets.xcassets in Resources */ = {isa = PBXBuildFile; fileRef = C3A12CF8292C3E4100DFC7DD /* Assets.xcassets */; };
		C3A12CFD292C3E4100DFC7DD /* Preview Assets.xcassets in Resources */ = {isa = PBXBuildFile; fileRef = C3A12CFC292C3E4100DFC7DD /* Preview Assets.xcassets */; };
		C3A12D04292C3E8700DFC7DD /* Match__DEPRECATED.swift in Sources */ = {isa = PBXBuildFile; fileRef = C3A12D03292C3E8700DFC7DD /* Match__DEPRECATED.swift */; };
		C3D073C329A22D0F000A1494 /* Score+Extension.swift in Sources */ = {isa = PBXBuildFile; fileRef = C3D073C229A22D0F000A1494 /* Score+Extension.swift */; };
		C3E3A21E299FD063001683A0 /* MatchManager.swift in Sources */ = {isa = PBXBuildFile; fileRef = C3E3A21D299FD063001683A0 /* MatchManager.swift */; };
		C3E3A221299FDC17001683A0 /* Toolbar.swift in Sources */ = {isa = PBXBuildFile; fileRef = C3E3A220299FDC17001683A0 /* Toolbar.swift */; };
		C3E3A223299FDD10001683A0 /* PlayerScore.swift in Sources */ = {isa = PBXBuildFile; fileRef = C3E3A222299FDD10001683A0 /* PlayerScore.swift */; };
		C3E3A225299FE593001683A0 /* Match+Extension.swift in Sources */ = {isa = PBXBuildFile; fileRef = C3E3A224299FE593001683A0 /* Match+Extension.swift */; };
		C3FDED67293C8A36000B2039 /* GameStore.swift in Sources */ = {isa = PBXBuildFile; fileRef = C3FDED66293C8A36000B2039 /* GameStore.swift */; };
		C3FDED69293C9129000B2039 /* utils.swift in Sources */ = {isa = PBXBuildFile; fileRef = C3FDED68293C9129000B2039 /* utils.swift */; };
		C3FDED6C293C9AC3000B2039 /* Color+Codable.swift in Sources */ = {isa = PBXBuildFile; fileRef = C3FDED6B293C9AC3000B2039 /* Color+Codable.swift */; };
		C3FDED75293CA113000B2039 /* GameViewModel.swift in Sources */ = {isa = PBXBuildFile; fileRef = C3FDED74293CA113000B2039 /* GameViewModel.swift */; };
/* End PBXBuildFile section */

/* Begin PBXFileReference section */
		C316327A29354141005BBBCA /* Team.swift */ = {isa = PBXFileReference; lastKnownFileType = sourcecode.swift; path = Team.swift; sourceTree = "<group>"; };
		C316327C2935415D005BBBCA /* Score__DEPRECATEED.swift */ = {isa = PBXFileReference; lastKnownFileType = sourcecode.swift; path = Score__DEPRECATEED.swift; sourceTree = "<group>"; };
		C32941F72933E21F00298ACC /* SettingsView.swift */ = {isa = PBXFileReference; lastKnownFileType = sourcecode.swift; path = SettingsView.swift; sourceTree = "<group>"; };
		C35DBB742999575C00C6E43A /* Model.xcdatamodel */ = {isa = PBXFileReference; lastKnownFileType = wrapper.xcdatamodel; path = Model.xcdatamodel; sourceTree = "<group>"; };
		C35DBB76299957C500C6E43A /* PersitenceController.swift */ = {isa = PBXFileReference; lastKnownFileType = sourcecode.swift; path = PersitenceController.swift; sourceTree = "<group>"; };
		C35DBB78299AD15600C6E43A /* PlayerSettings.swift */ = {isa = PBXFileReference; lastKnownFileType = sourcecode.swift; path = PlayerSettings.swift; sourceTree = "<group>"; };
		C35DBB7A299AD18200C6E43A /* PlayerList.swift */ = {isa = PBXFileReference; lastKnownFileType = sourcecode.swift; path = PlayerList.swift; sourceTree = "<group>"; };
		C35DBB7C299EC9B700C6E43A /* PlayerManager.swift */ = {isa = PBXFileReference; lastKnownFileType = sourcecode.swift; path = PlayerManager.swift; sourceTree = "<group>"; };
		C38EA1BB299F95A200FDC82A /* CreatePlayer.swift */ = {isa = PBXFileReference; lastKnownFileType = sourcecode.swift; path = CreatePlayer.swift; sourceTree = "<group>"; };
		C38EA1BD299FB81200FDC82A /* Player+Extension.swift */ = {isa = PBXFileReference; lastKnownFileType = sourcecode.swift; path = "Player+Extension.swift"; sourceTree = "<group>"; };
		C3A12CF1292C3E4000DFC7DD /* truquito.app */ = {isa = PBXFileReference; explicitFileType = wrapper.application; includeInIndex = 0; path = truquito.app; sourceTree = BUILT_PRODUCTS_DIR; };
		C3A12CF4292C3E4000DFC7DD /* truquitoApp.swift */ = {isa = PBXFileReference; lastKnownFileType = sourcecode.swift; path = truquitoApp.swift; sourceTree = "<group>"; };
		C3A12CF6292C3E4000DFC7DD /* GameView.swift */ = {isa = PBXFileReference; lastKnownFileType = sourcecode.swift; path = GameView.swift; sourceTree = "<group>"; };
		C3A12CF8292C3E4100DFC7DD /* Assets.xcassets */ = {isa = PBXFileReference; lastKnownFileType = folder.assetcatalog; path = Assets.xcassets; sourceTree = "<group>"; };
		C3A12CFA292C3E4100DFC7DD /* truquito.entitlements */ = {isa = PBXFileReference; lastKnownFileType = text.plist.entitlements; path = truquito.entitlements; sourceTree = "<group>"; };
		C3A12CFC292C3E4100DFC7DD /* Preview Assets.xcassets */ = {isa = PBXFileReference; lastKnownFileType = folder.assetcatalog; path = "Preview Assets.xcassets"; sourceTree = "<group>"; };
		C3A12D03292C3E8700DFC7DD /* Match__DEPRECATED.swift */ = {isa = PBXFileReference; lastKnownFileType = sourcecode.swift; path = Match__DEPRECATED.swift; sourceTree = "<group>"; };
		C3D073C229A22D0F000A1494 /* Score+Extension.swift */ = {isa = PBXFileReference; lastKnownFileType = sourcecode.swift; path = "Score+Extension.swift"; sourceTree = "<group>"; };
		C3E3A21D299FD063001683A0 /* MatchManager.swift */ = {isa = PBXFileReference; lastKnownFileType = sourcecode.swift; path = MatchManager.swift; sourceTree = "<group>"; };
		C3E3A220299FDC17001683A0 /* Toolbar.swift */ = {isa = PBXFileReference; lastKnownFileType = sourcecode.swift; path = Toolbar.swift; sourceTree = "<group>"; };
		C3E3A222299FDD10001683A0 /* PlayerScore.swift */ = {isa = PBXFileReference; lastKnownFileType = sourcecode.swift; path = PlayerScore.swift; sourceTree = "<group>"; };
		C3E3A224299FE593001683A0 /* Match+Extension.swift */ = {isa = PBXFileReference; lastKnownFileType = sourcecode.swift; path = "Match+Extension.swift"; sourceTree = "<group>"; };
		C3FDED66293C8A36000B2039 /* GameStore.swift */ = {isa = PBXFileReference; lastKnownFileType = sourcecode.swift; name = GameStore.swift; path = truquito/Managers/GameStore.swift; sourceTree = SOURCE_ROOT; };
		C3FDED68293C9129000B2039 /* utils.swift */ = {isa = PBXFileReference; lastKnownFileType = sourcecode.swift; path = utils.swift; sourceTree = "<group>"; };
		C3FDED6B293C9AC3000B2039 /* Color+Codable.swift */ = {isa = PBXFileReference; lastKnownFileType = sourcecode.swift; path = "Color+Codable.swift"; sourceTree = "<group>"; };
		C3FDED74293CA113000B2039 /* GameViewModel.swift */ = {isa = PBXFileReference; lastKnownFileType = sourcecode.swift; path = GameViewModel.swift; sourceTree = "<group>"; };
/* End PBXFileReference section */

/* Begin PBXFrameworksBuildPhase section */
		C3A12CEE292C3E4000DFC7DD /* Frameworks */ = {
			isa = PBXFrameworksBuildPhase;
			buildActionMask = 2147483647;
			files = (
			);
			runOnlyForDeploymentPostprocessing = 0;
		};
/* End PBXFrameworksBuildPhase section */

/* Begin PBXGroup section */
		C31632792935412F005BBBCA /* Models */ = {
			isa = PBXGroup;
			children = (
				C35DBB732999575C00C6E43A /* truquito.xcdatamodeld */,
				C3A12D03292C3E8700DFC7DD /* Match__DEPRECATED.swift */,
				C316327A29354141005BBBCA /* Team.swift */,
				C316327C2935415D005BBBCA /* Score__DEPRECATEED.swift */,
				C38EA1BD299FB81200FDC82A /* Player+Extension.swift */,
				C3E3A224299FE593001683A0 /* Match+Extension.swift */,
				C3D073C229A22D0F000A1494 /* Score+Extension.swift */,
			);
			path = Models;
			sourceTree = "<group>";
		};
		C32941FD2933FD7700298ACC /* Settings */ = {
			isa = PBXGroup;
			children = (
				C38EA1BA299F927700FDC82A /* Player */,
				C32941F72933E21F00298ACC /* SettingsView.swift */,
			);
			path = Settings;
			sourceTree = "<group>";
		};
		C38EA1BA299F927700FDC82A /* Player */ = {
			isa = PBXGroup;
			children = (
				C35DBB78299AD15600C6E43A /* PlayerSettings.swift */,
				C35DBB7A299AD18200C6E43A /* PlayerList.swift */,
				C38EA1BB299F95A200FDC82A /* CreatePlayer.swift */,
			);
			path = Player;
			sourceTree = "<group>";
		};
		C3A12CE8292C3E4000DFC7DD = {
			isa = PBXGroup;
			children = (
				C3A12CF3292C3E4000DFC7DD /* truquito */,
				C3A12CF2292C3E4000DFC7DD /* Products */,
			);
			sourceTree = "<group>";
		};
		C3A12CF2292C3E4000DFC7DD /* Products */ = {
			isa = PBXGroup;
			children = (
				C3A12CF1292C3E4000DFC7DD /* truquito.app */,
			);
			name = Products;
			sourceTree = "<group>";
		};
		C3A12CF3292C3E4000DFC7DD /* truquito */ = {
			isa = PBXGroup;
			children = (
				C3FDED74293CA113000B2039 /* GameViewModel.swift */,
				C3FDED71293CA092000B2039 /* Managers */,
				C3FDED6A293C9AB6000B2039 /* Extensions */,
				C3A12D07292C402400DFC7DD /* Views */,
				C3A12CF4292C3E4000DFC7DD /* truquitoApp.swift */,
				C3A12CF8292C3E4100DFC7DD /* Assets.xcassets */,
				C3A12CFA292C3E4100DFC7DD /* truquito.entitlements */,
				C3A12CFB292C3E4100DFC7DD /* Preview Content */,
				C31632792935412F005BBBCA /* Models */,
				C3FDED68293C9129000B2039 /* utils.swift */,
			);
			path = truquito;
			sourceTree = "<group>";
		};
		C3A12CFB292C3E4100DFC7DD /* Preview Content */ = {
			isa = PBXGroup;
			children = (
				C3A12CFC292C3E4100DFC7DD /* Preview Assets.xcassets */,
			);
			path = "Preview Content";
			sourceTree = "<group>";
		};
		C3A12D07292C402400DFC7DD /* Views */ = {
			isa = PBXGroup;
			children = (
				C3E3A21F299FDBFA001683A0 /* Match */,
				C32941FD2933FD7700298ACC /* Settings */,
			);
			path = Views;
			sourceTree = "<group>";
		};
		C3E3A21F299FDBFA001683A0 /* Match */ = {
			isa = PBXGroup;
			children = (
				C3A12CF6292C3E4000DFC7DD /* GameView.swift */,
				C3E3A220299FDC17001683A0 /* Toolbar.swift */,
				C3E3A222299FDD10001683A0 /* PlayerScore.swift */,
			);
			path = Match;
			sourceTree = "<group>";
		};
		C3FDED6A293C9AB6000B2039 /* Extensions */ = {
			isa = PBXGroup;
			children = (
				C3FDED6B293C9AC3000B2039 /* Color+Codable.swift */,
			);
			path = Extensions;
			sourceTree = "<group>";
		};
		C3FDED71293CA092000B2039 /* Managers */ = {
			isa = PBXGroup;
			children = (
				C3FDED66293C8A36000B2039 /* GameStore.swift */,
				C35DBB76299957C500C6E43A /* PersitenceController.swift */,
				C35DBB7C299EC9B700C6E43A /* PlayerManager.swift */,
				C3E3A21D299FD063001683A0 /* MatchManager.swift */,
			);
			path = Managers;
			sourceTree = "<group>";
		};
/* End PBXGroup section */

/* Begin PBXNativeTarget section */
		C3A12CF0292C3E4000DFC7DD /* truquito */ = {
			isa = PBXNativeTarget;
			buildConfigurationList = C3A12D00292C3E4100DFC7DD /* Build configuration list for PBXNativeTarget "truquito" */;
			buildPhases = (
				C3A12CED292C3E4000DFC7DD /* Sources */,
				C3A12CEE292C3E4000DFC7DD /* Frameworks */,
				C3A12CEF292C3E4000DFC7DD /* Resources */,
			);
			buildRules = (
			);
			dependencies = (
			);
			name = truquito;
			productName = truquito;
			productReference = C3A12CF1292C3E4000DFC7DD /* truquito.app */;
			productType = "com.apple.product-type.application";
		};
/* End PBXNativeTarget section */

/* Begin PBXProject section */
		C3A12CE9292C3E4000DFC7DD /* Project object */ = {
			isa = PBXProject;
			attributes = {
				BuildIndependentTargetsInParallel = 1;
				LastSwiftUpdateCheck = 1410;
				LastUpgradeCheck = 1410;
				TargetAttributes = {
					C3A12CF0292C3E4000DFC7DD = {
						CreatedOnToolsVersion = 14.1;
					};
				};
			};
			buildConfigurationList = C3A12CEC292C3E4000DFC7DD /* Build configuration list for PBXProject "truquito" */;
			compatibilityVersion = "Xcode 14.0";
			developmentRegion = en;
			hasScannedForEncodings = 0;
			knownRegions = (
				en,
				Base,
			);
			mainGroup = C3A12CE8292C3E4000DFC7DD;
			productRefGroup = C3A12CF2292C3E4000DFC7DD /* Products */;
			projectDirPath = "";
			projectRoot = "";
			targets = (
				C3A12CF0292C3E4000DFC7DD /* truquito */,
			);
		};
/* End PBXProject section */

/* Begin PBXResourcesBuildPhase section */
		C3A12CEF292C3E4000DFC7DD /* Resources */ = {
			isa = PBXResourcesBuildPhase;
			buildActionMask = 2147483647;
			files = (
				C3A12CFD292C3E4100DFC7DD /* Preview Assets.xcassets in Resources */,
				C3A12CF9292C3E4100DFC7DD /* Assets.xcassets in Resources */,
			);
			runOnlyForDeploymentPostprocessing = 0;
		};
/* End PBXResourcesBuildPhase section */

/* Begin PBXSourcesBuildPhase section */
		C3A12CED292C3E4000DFC7DD /* Sources */ = {
			isa = PBXSourcesBuildPhase;
			buildActionMask = 2147483647;
			files = (
				C3FDED67293C8A36000B2039 /* GameStore.swift in Sources */,
				C3A12CF7292C3E4000DFC7DD /* GameView.swift in Sources */,
				C35DBB79299AD15600C6E43A /* PlayerSettings.swift in Sources */,
				C38EA1BC299F95A200FDC82A /* CreatePlayer.swift in Sources */,
				C3FDED75293CA113000B2039 /* GameViewModel.swift in Sources */,
				C38EA1BE299FB81200FDC82A /* Player+Extension.swift in Sources */,
				C3E3A221299FDC17001683A0 /* Toolbar.swift in Sources */,
				C35DBB7D299EC9B700C6E43A /* PlayerManager.swift in Sources */,
				C35DBB752999575C00C6E43A /* truquito.xcdatamodeld in Sources */,
				C35DBB77299957C500C6E43A /* PersitenceController.swift in Sources */,
				C35DBB7B299AD18200C6E43A /* PlayerList.swift in Sources */,
				C3E3A21E299FD063001683A0 /* MatchManager.swift in Sources */,
				C3E3A223299FDD10001683A0 /* PlayerScore.swift in Sources */,
				C3E3A225299FE593001683A0 /* Match+Extension.swift in Sources */,
				C3FDED69293C9129000B2039 /* utils.swift in Sources */,
				C32941F82933E21F00298ACC /* SettingsView.swift in Sources */,
				C3A12CF5292C3E4000DFC7DD /* truquitoApp.swift in Sources */,
				C316327B29354142005BBBCA /* Team.swift in Sources */,
				C316327D2935415D005BBBCA /* Score__DEPRECATEED.swift in Sources */,
				C3FDED6C293C9AC3000B2039 /* Color+Codable.swift in Sources */,
				C3D073C329A22D0F000A1494 /* Score+Extension.swift in Sources */,
				C3A12D04292C3E8700DFC7DD /* Match__DEPRECATED.swift in Sources */,
			);
			runOnlyForDeploymentPostprocessing = 0;
		};
/* End PBXSourcesBuildPhase section */

/* Begin XCBuildConfiguration section */
		C3A12CFE292C3E4100DFC7DD /* Debug */ = {
			isa = XCBuildConfiguration;
			buildSettings = {
				ALWAYS_SEARCH_USER_PATHS = NO;
				CLANG_ANALYZER_NONNULL = YES;
				CLANG_ANALYZER_NUMBER_OBJECT_CONVERSION = YES_AGGRESSIVE;
				CLANG_CXX_LANGUAGE_STANDARD = "gnu++20";
				CLANG_ENABLE_MODULES = YES;
				CLANG_ENABLE_OBJC_ARC = YES;
				CLANG_ENABLE_OBJC_WEAK = YES;
				CLANG_WARN_BLOCK_CAPTURE_AUTORELEASING = YES;
				CLANG_WARN_BOOL_CONVERSION = YES;
				CLANG_WARN_COMMA = YES;
				CLANG_WARN_CONSTANT_CONVERSION = YES;
				CLANG_WARN_DEPRECATED_OBJC_IMPLEMENTATIONS = YES;
				CLANG_WARN_DIRECT_OBJC_ISA_USAGE = YES_ERROR;
				CLANG_WARN_DOCUMENTATION_COMMENTS = YES;
				CLANG_WARN_EMPTY_BODY = YES;
				CLANG_WARN_ENUM_CONVERSION = YES;
				CLANG_WARN_INFINITE_RECURSION = YES;
				CLANG_WARN_INT_CONVERSION = YES;
				CLANG_WARN_NON_LITERAL_NULL_CONVERSION = YES;
				CLANG_WARN_OBJC_IMPLICIT_RETAIN_SELF = YES;
				CLANG_WARN_OBJC_LITERAL_CONVERSION = YES;
				CLANG_WARN_OBJC_ROOT_CLASS = YES_ERROR;
				CLANG_WARN_QUOTED_INCLUDE_IN_FRAMEWORK_HEADER = YES;
				CLANG_WARN_RANGE_LOOP_ANALYSIS = YES;
				CLANG_WARN_STRICT_PROTOTYPES = YES;
				CLANG_WARN_SUSPICIOUS_MOVE = YES;
				CLANG_WARN_UNGUARDED_AVAILABILITY = YES_AGGRESSIVE;
				CLANG_WARN_UNREACHABLE_CODE = YES;
				CLANG_WARN__DUPLICATE_METHOD_MATCH = YES;
				COPY_PHASE_STRIP = NO;
				DEBUG_INFORMATION_FORMAT = dwarf;
				ENABLE_STRICT_OBJC_MSGSEND = YES;
				ENABLE_TESTABILITY = YES;
				GCC_C_LANGUAGE_STANDARD = gnu11;
				GCC_DYNAMIC_NO_PIC = NO;
				GCC_NO_COMMON_BLOCKS = YES;
				GCC_OPTIMIZATION_LEVEL = 0;
				GCC_PREPROCESSOR_DEFINITIONS = (
					"DEBUG=1",
					"$(inherited)",
				);
				GCC_WARN_64_TO_32_BIT_CONVERSION = YES;
				GCC_WARN_ABOUT_RETURN_TYPE = YES_ERROR;
				GCC_WARN_UNDECLARED_SELECTOR = YES;
				GCC_WARN_UNINITIALIZED_AUTOS = YES_AGGRESSIVE;
				GCC_WARN_UNUSED_FUNCTION = YES;
				GCC_WARN_UNUSED_VARIABLE = YES;
				MTL_ENABLE_DEBUG_INFO = INCLUDE_SOURCE;
				MTL_FAST_MATH = YES;
				ONLY_ACTIVE_ARCH = YES;
				SWIFT_ACTIVE_COMPILATION_CONDITIONS = DEBUG;
				SWIFT_OPTIMIZATION_LEVEL = "-Onone";
			};
			name = Debug;
		};
		C3A12CFF292C3E4100DFC7DD /* Release */ = {
			isa = XCBuildConfiguration;
			buildSettings = {
				ALWAYS_SEARCH_USER_PATHS = NO;
				CLANG_ANALYZER_NONNULL = YES;
				CLANG_ANALYZER_NUMBER_OBJECT_CONVERSION = YES_AGGRESSIVE;
				CLANG_CXX_LANGUAGE_STANDARD = "gnu++20";
				CLANG_ENABLE_MODULES = YES;
				CLANG_ENABLE_OBJC_ARC = YES;
				CLANG_ENABLE_OBJC_WEAK = YES;
				CLANG_WARN_BLOCK_CAPTURE_AUTORELEASING = YES;
				CLANG_WARN_BOOL_CONVERSION = YES;
				CLANG_WARN_COMMA = YES;
				CLANG_WARN_CONSTANT_CONVERSION = YES;
				CLANG_WARN_DEPRECATED_OBJC_IMPLEMENTATIONS = YES;
				CLANG_WARN_DIRECT_OBJC_ISA_USAGE = YES_ERROR;
				CLANG_WARN_DOCUMENTATION_COMMENTS = YES;
				CLANG_WARN_EMPTY_BODY = YES;
				CLANG_WARN_ENUM_CONVERSION = YES;
				CLANG_WARN_INFINITE_RECURSION = YES;
				CLANG_WARN_INT_CONVERSION = YES;
				CLANG_WARN_NON_LITERAL_NULL_CONVERSION = YES;
				CLANG_WARN_OBJC_IMPLICIT_RETAIN_SELF = YES;
				CLANG_WARN_OBJC_LITERAL_CONVERSION = YES;
				CLANG_WARN_OBJC_ROOT_CLASS = YES_ERROR;
				CLANG_WARN_QUOTED_INCLUDE_IN_FRAMEWORK_HEADER = YES;
				CLANG_WARN_RANGE_LOOP_ANALYSIS = YES;
				CLANG_WARN_STRICT_PROTOTYPES = YES;
				CLANG_WARN_SUSPICIOUS_MOVE = YES;
				CLANG_WARN_UNGUARDED_AVAILABILITY = YES_AGGRESSIVE;
				CLANG_WARN_UNREACHABLE_CODE = YES;
				CLANG_WARN__DUPLICATE_METHOD_MATCH = YES;
				COPY_PHASE_STRIP = NO;
				DEBUG_INFORMATION_FORMAT = "dwarf-with-dsym";
				ENABLE_NS_ASSERTIONS = NO;
				ENABLE_STRICT_OBJC_MSGSEND = YES;
				GCC_C_LANGUAGE_STANDARD = gnu11;
				GCC_NO_COMMON_BLOCKS = YES;
				GCC_WARN_64_TO_32_BIT_CONVERSION = YES;
				GCC_WARN_ABOUT_RETURN_TYPE = YES_ERROR;
				GCC_WARN_UNDECLARED_SELECTOR = YES;
				GCC_WARN_UNINITIALIZED_AUTOS = YES_AGGRESSIVE;
				GCC_WARN_UNUSED_FUNCTION = YES;
				GCC_WARN_UNUSED_VARIABLE = YES;
				MTL_ENABLE_DEBUG_INFO = NO;
				MTL_FAST_MATH = YES;
				SWIFT_COMPILATION_MODE = wholemodule;
				SWIFT_OPTIMIZATION_LEVEL = "-O";
			};
			name = Release;
		};
		C3A12D01292C3E4100DFC7DD /* Debug */ = {
			isa = XCBuildConfiguration;
			buildSettings = {
				ASSETCATALOG_COMPILER_APPICON_NAME = AppIcon;
				ASSETCATALOG_COMPILER_GLOBAL_ACCENT_COLOR_NAME = AccentColor;
				CODE_SIGN_ENTITLEMENTS = truquito/truquito.entitlements;
				CODE_SIGN_STYLE = Automatic;
				CURRENT_PROJECT_VERSION = 1;
				DEVELOPMENT_ASSET_PATHS = "\"truquito/Preview Content\"";
				DEVELOPMENT_TEAM = SS5BPUUU83;
				ENABLE_HARDENED_RUNTIME = YES;
				ENABLE_PREVIEWS = YES;
				GENERATE_INFOPLIST_FILE = YES;
				INFOPLIST_KEY_CFBundleDisplayName = Truquito;
				INFOPLIST_KEY_LSApplicationCategoryType = "public.app-category.utilities";
				"INFOPLIST_KEY_UIApplicationSceneManifest_Generation[sdk=iphoneos*]" = YES;
				"INFOPLIST_KEY_UIApplicationSceneManifest_Generation[sdk=iphonesimulator*]" = YES;
				"INFOPLIST_KEY_UIApplicationSupportsIndirectInputEvents[sdk=iphoneos*]" = YES;
				"INFOPLIST_KEY_UIApplicationSupportsIndirectInputEvents[sdk=iphonesimulator*]" = YES;
				"INFOPLIST_KEY_UILaunchScreen_Generation[sdk=iphoneos*]" = YES;
				"INFOPLIST_KEY_UILaunchScreen_Generation[sdk=iphonesimulator*]" = YES;
				"INFOPLIST_KEY_UIStatusBarStyle[sdk=iphoneos*]" = UIStatusBarStyleDefault;
				"INFOPLIST_KEY_UIStatusBarStyle[sdk=iphonesimulator*]" = UIStatusBarStyleDefault;
				INFOPLIST_KEY_UISupportedInterfaceOrientations = UIInterfaceOrientationPortrait;
				INFOPLIST_KEY_UISupportedInterfaceOrientations_iPad = "UIInterfaceOrientationLandscapeLeft UIInterfaceOrientationLandscapeRight UIInterfaceOrientationPortrait UIInterfaceOrientationPortraitUpsideDown";
				IPHONEOS_DEPLOYMENT_TARGET = 16.1;
				LD_RUNPATH_SEARCH_PATHS = "@executable_path/Frameworks";
				"LD_RUNPATH_SEARCH_PATHS[sdk=macosx*]" = "@executable_path/../Frameworks";
				MACOSX_DEPLOYMENT_TARGET = 13.0;
				MARKETING_VERSION = 1.0;
				PRODUCT_BUNDLE_IDENTIFIER = com.reloadedhead.truquito;
				PRODUCT_NAME = "$(TARGET_NAME)";
				SDKROOT = auto;
				SUPPORTED_PLATFORMS = "iphoneos iphonesimulator";
				SUPPORTS_MACCATALYST = NO;
				SUPPORTS_MAC_DESIGNED_FOR_IPHONE_IPAD = NO;
				SWIFT_EMIT_LOC_STRINGS = YES;
				SWIFT_VERSION = 5.0;
				TARGETED_DEVICE_FAMILY = "1,2";
			};
			name = Debug;
		};
		C3A12D02292C3E4100DFC7DD /* Release */ = {
			isa = XCBuildConfiguration;
			buildSettings = {
				ASSETCATALOG_COMPILER_APPICON_NAME = AppIcon;
				ASSETCATALOG_COMPILER_GLOBAL_ACCENT_COLOR_NAME = AccentColor;
				CODE_SIGN_ENTITLEMENTS = truquito/truquito.entitlements;
				CODE_SIGN_STYLE = Automatic;
				CURRENT_PROJECT_VERSION = 1;
				DEVELOPMENT_ASSET_PATHS = "\"truquito/Preview Content\"";
				DEVELOPMENT_TEAM = SS5BPUUU83;
				ENABLE_HARDENED_RUNTIME = YES;
				ENABLE_PREVIEWS = YES;
				GENERATE_INFOPLIST_FILE = YES;
				INFOPLIST_KEY_CFBundleDisplayName = Truquito;
				INFOPLIST_KEY_LSApplicationCategoryType = "public.app-category.utilities";
				"INFOPLIST_KEY_UIApplicationSceneManifest_Generation[sdk=iphoneos*]" = YES;
				"INFOPLIST_KEY_UIApplicationSceneManifest_Generation[sdk=iphonesimulator*]" = YES;
				"INFOPLIST_KEY_UIApplicationSupportsIndirectInputEvents[sdk=iphoneos*]" = YES;
				"INFOPLIST_KEY_UIApplicationSupportsIndirectInputEvents[sdk=iphonesimulator*]" = YES;
				"INFOPLIST_KEY_UILaunchScreen_Generation[sdk=iphoneos*]" = YES;
				"INFOPLIST_KEY_UILaunchScreen_Generation[sdk=iphonesimulator*]" = YES;
				"INFOPLIST_KEY_UIStatusBarStyle[sdk=iphoneos*]" = UIStatusBarStyleDefault;
				"INFOPLIST_KEY_UIStatusBarStyle[sdk=iphonesimulator*]" = UIStatusBarStyleDefault;
				INFOPLIST_KEY_UISupportedInterfaceOrientations = UIInterfaceOrientationPortrait;
				INFOPLIST_KEY_UISupportedInterfaceOrientations_iPad = "UIInterfaceOrientationLandscapeLeft UIInterfaceOrientationLandscapeRight UIInterfaceOrientationPortrait UIInterfaceOrientationPortraitUpsideDown";
				IPHONEOS_DEPLOYMENT_TARGET = 16.1;
				LD_RUNPATH_SEARCH_PATHS = "@executable_path/Frameworks";
				"LD_RUNPATH_SEARCH_PATHS[sdk=macosx*]" = "@executable_path/../Frameworks";
				MACOSX_DEPLOYMENT_TARGET = 13.0;
				MARKETING_VERSION = 1.0;
				PRODUCT_BUNDLE_IDENTIFIER = com.reloadedhead.truquito;
				PRODUCT_NAME = "$(TARGET_NAME)";
				SDKROOT = auto;
				SUPPORTED_PLATFORMS = "iphoneos iphonesimulator";
				SUPPORTS_MACCATALYST = NO;
				SUPPORTS_MAC_DESIGNED_FOR_IPHONE_IPAD = NO;
				SWIFT_EMIT_LOC_STRINGS = YES;
				SWIFT_VERSION = 5.0;
				TARGETED_DEVICE_FAMILY = "1,2";
			};
			name = Release;
		};
/* End XCBuildConfiguration section */

/* Begin XCConfigurationList section */
		C3A12CEC292C3E4000DFC7DD /* Build configuration list for PBXProject "truquito" */ = {
			isa = XCConfigurationList;
			buildConfigurations = (
				C3A12CFE292C3E4100DFC7DD /* Debug */,
				C3A12CFF292C3E4100DFC7DD /* Release */,
			);
			defaultConfigurationIsVisible = 0;
			defaultConfigurationName = Release;
		};
		C3A12D00292C3E4100DFC7DD /* Build configuration list for PBXNativeTarget "truquito" */ = {
			isa = XCConfigurationList;
			buildConfigurations = (
				C3A12D01292C3E4100DFC7DD /* Debug */,
				C3A12D02292C3E4100DFC7DD /* Release */,
			);
			defaultConfigurationIsVisible = 0;
			defaultConfigurationName = Release;
		};
/* End XCConfigurationList section */

/* Begin XCVersionGroup section */
		C35DBB732999575C00C6E43A /* truquito.xcdatamodeld */ = {
			isa = XCVersionGroup;
			children = (
				C35DBB742999575C00C6E43A /* Model.xcdatamodel */,
			);
			currentVersion = C35DBB742999575C00C6E43A /* Model.xcdatamodel */;
			path = truquito.xcdatamodeld;
			sourceTree = "<group>";
			versionGroupType = wrapper.xcdatamodel;
		};
/* End XCVersionGroup section */
	};
	rootObject = C3A12CE9292C3E4000DFC7DD /* Project object */;
}
